// !$*UTF8*$!
{
	archiveVersion = 1;
	classes = {
	};
	objectVersion = 46;
	objects = {

/* Begin PBXBuildFile section */
		66490B481E087CAA009383A1 /* GameOverScene.swift in Sources */ = {isa = PBXBuildFile; fileRef = 66490B471E087CAA009383A1 /* GameOverScene.swift */; };
		66CFA8511E07216F00EBB1CE /* AppDelegate.swift in Sources */ = {isa = PBXBuildFile; fileRef = 66CFA8501E07216F00EBB1CE /* AppDelegate.swift */; };
		66CFA8551E07216F00EBB1CE /* GameViewController.swift in Sources */ = {isa = PBXBuildFile; fileRef = 66CFA8541E07216F00EBB1CE /* GameViewController.swift */; };
		66CFA8581E07216F00EBB1CE /* Main.storyboard in Resources */ = {isa = PBXBuildFile; fileRef = 66CFA8561E07216F00EBB1CE /* Main.storyboard */; };
		66CFA85A1E07216F00EBB1CE /* Assets.xcassets in Resources */ = {isa = PBXBuildFile; fileRef = 66CFA8591E07216F00EBB1CE /* Assets.xcassets */; };
		66CFA85D1E07216F00EBB1CE /* LaunchScreen.storyboard in Resources */ = {isa = PBXBuildFile; fileRef = 66CFA85B1E07216F00EBB1CE /* LaunchScreen.storyboard */; };
		66CFA8651E07221E00EBB1CE /* GameScene.sks in Resources */ = {isa = PBXBuildFile; fileRef = 66CFA8641E07221E00EBB1CE /* GameScene.sks */; };
		66CFA8671E0722DF00EBB1CE /* GameScene.swift in Sources */ = {isa = PBXBuildFile; fileRef = 66CFA8661E0722DF00EBB1CE /* GameScene.swift */; };
		66CFA8691E07265F00EBB1CE /* GameElements.swift in Sources */ = {isa = PBXBuildFile; fileRef = 66CFA8681E07265F00EBB1CE /* GameElements.swift */; };
/* End PBXBuildFile section */

/* Begin PBXFileReference section */
		66490B471E087CAA009383A1 /* GameOverScene.swift */ = {isa = PBXFileReference; fileEncoding = 4; lastKnownFileType = sourcecode.swift; path = GameOverScene.swift; sourceTree = "<group>"; };
		66CFA84D1E07216F00EBB1CE /* 3Dtouch.app */ = {isa = PBXFileReference; explicitFileType = wrapper.application; includeInIndex = 0; path = 3Dtouch.app; sourceTree = BUILT_PRODUCTS_DIR; };
		66CFA8501E07216F00EBB1CE /* AppDelegate.swift */ = {isa = PBXFileReference; lastKnownFileType = sourcecode.swift; path = AppDelegate.swift; sourceTree = "<group>"; };
		66CFA8541E07216F00EBB1CE /* GameViewController.swift */ = {isa = PBXFileReference; lastKnownFileType = sourcecode.swift; path = GameViewController.swift; sourceTree = "<group>"; };
		66CFA8571E07216F00EBB1CE /* Base */ = {isa = PBXFileReference; lastKnownFileType = file.storyboard; name = Base; path = Base.lproj/Main.storyboard; sourceTree = "<group>"; };
		66CFA8591E07216F00EBB1CE /* Assets.xcassets */ = {isa = PBXFileReference; lastKnownFileType = folder.assetcatalog; path = Assets.xcassets; sourceTree = "<group>"; };
		66CFA85C1E07216F00EBB1CE /* Base */ = {isa = PBXFileReference; lastKnownFileType = file.storyboard; name = Base; path = Base.lproj/LaunchScreen.storyboard; sourceTree = "<group>"; };
		66CFA85E1E07216F00EBB1CE /* Info.plist */ = {isa = PBXFileReference; lastKnownFileType = text.plist.xml; path = Info.plist; sourceTree = "<group>"; };
		66CFA8641E07221E00EBB1CE /* GameScene.sks */ = {isa = PBXFileReference; lastKnownFileType = file.sks; path = GameScene.sks; sourceTree = "<group>"; };
		66CFA8661E0722DF00EBB1CE /* GameScene.swift */ = {isa = PBXFileReference; fileEncoding = 4; lastKnownFileType = sourcecode.swift; path = GameScene.swift; sourceTree = "<group>"; };
		66CFA8681E07265F00EBB1CE /* GameElements.swift */ = {isa = PBXFileReference; fileEncoding = 4; lastKnownFileType = sourcecode.swift; path = GameElements.swift; sourceTree = "<group>"; };
/* End PBXFileReference section */

/* Begin PBXFrameworksBuildPhase section */
		66CFA84A1E07216F00EBB1CE /* Frameworks */ = {
			isa = PBXFrameworksBuildPhase;
			buildActionMask = 2147483647;
			files = (
			);
			runOnlyForDeploymentPostprocessing = 0;
		};
/* End PBXFrameworksBuildPhase section */

/* Begin PBXGroup section */
		66CFA8441E07216F00EBB1CE = {
			isa = PBXGroup;
			children = (
				66CFA84F1E07216F00EBB1CE /* 3Dtouch */,
				66CFA84E1E07216F00EBB1CE /* Products */,
			);
			sourceTree = "<group>";
		};
		66CFA84E1E07216F00EBB1CE /* Products */ = {
			isa = PBXGroup;
			children = (
				66CFA84D1E07216F00EBB1CE /* 3Dtouch.app */,
			);
			name = Products;
			sourceTree = "<group>";
		};
		66CFA84F1E07216F00EBB1CE /* 3Dtouch */ = {
			isa = PBXGroup;
			children = (
				66CFA8501E07216F00EBB1CE /* AppDelegate.swift */,
				66CFA8541E07216F00EBB1CE /* GameViewController.swift */,
				66CFA8641E07221E00EBB1CE /* GameScene.sks */,
				66CFA8661E0722DF00EBB1CE /* GameScene.swift */,
				66CFA8681E07265F00EBB1CE /* GameElements.swift */,
				66490B471E087CAA009383A1 /* GameOverScene.swift */,
				66CFA8561E07216F00EBB1CE /* Main.storyboard */,
				66CFA8591E07216F00EBB1CE /* Assets.xcassets */,
				66CFA85B1E07216F00EBB1CE /* LaunchScreen.storyboard */,
				66CFA85E1E07216F00EBB1CE /* Info.plist */,
			);
			path = 3Dtouch;
			sourceTree = "<group>";
		};
/* End PBXGroup section */

/* Begin PBXNativeTarget section */
		66CFA84C1E07216F00EBB1CE /* 3Dtouch */ = {
			isa = PBXNativeTarget;
			buildConfigurationList = 66CFA8611E07216F00EBB1CE /* Build configuration list for PBXNativeTarget "3Dtouch" */;
			buildPhases = (
				66CFA8491E07216F00EBB1CE /* Sources */,
				66CFA84A1E07216F00EBB1CE /* Frameworks */,
				66CFA84B1E07216F00EBB1CE /* Resources */,
			);
			buildRules = (
			);
			dependencies = (
			);
			name = 3Dtouch;
			productName = 3Dtouch;
			productReference = 66CFA84D1E07216F00EBB1CE /* 3Dtouch.app */;
			productType = "com.apple.product-type.application";
		};
/* End PBXNativeTarget section */

/* Begin PBXProject section */
		66CFA8451E07216F00EBB1CE /* Project object */ = {
			isa = PBXProject;
			attributes = {
				LastSwiftUpdateCheck = 0820;
				LastUpgradeCheck = 0820;
				ORGANIZATIONNAME = "Xin Zou";
				TargetAttributes = {
					66CFA84C1E07216F00EBB1CE = {
						CreatedOnToolsVersion = 8.2;
						DevelopmentTeam = 6S4EWJH888;
						ProvisioningStyle = Automatic;
					};
				};
			};
			buildConfigurationList = 66CFA8481E07216F00EBB1CE /* Build configuration list for PBXProject "3Dtouch" */;
			compatibilityVersion = "Xcode 3.2";
			developmentRegion = English;
			hasScannedForEncodings = 0;
			knownRegions = (
				en,
				Base,
			);
			mainGroup = 66CFA8441E07216F00EBB1CE;
			productRefGroup = 66CFA84E1E07216F00EBB1CE /* Products */;
			projectDirPath = "";
			projectRoot = "";
			targets = (
				66CFA84C1E07216F00EBB1CE /* 3Dtouch */,
			);
		};
/* End PBXProject section */

/* Begin PBXResourcesBuildPhase section */
		66CFA84B1E07216F00EBB1CE /* Resources */ = {
			isa = PBXResourcesBuildPhase;
			buildActionMask = 2147483647;
			files = (
				66CFA85D1E07216F00EBB1CE /* LaunchScreen.storyboard in Resources */,
				66CFA8651E07221E00EBB1CE /* GameScene.sks in Resources */,
				66CFA85A1E07216F00EBB1CE /* Assets.xcassets in Resources */,
				66CFA8581E07216F00EBB1CE /* Main.storyboard in Resources */,
			);
			runOnlyForDeploymentPostprocessing = 0;
		};
/* End PBXResourcesBuildPhase section */

/* Begin PBXSourcesBuildPhase section */
		66CFA8491E07216F00EBB1CE /* Sources */ = {
			isa = PBXSourcesBuildPhase;
			buildActionMask = 2147483647;
			files = (
				66490B481E087CAA009383A1 /* GameOverScene.swift in Sources */,
				66CFA8691E07265F00EBB1CE /* GameElements.swift in Sources */,
				66CFA8671E0722DF00EBB1CE /* GameScene.swift in Sources */,
				66CFA8551E07216F00EBB1CE /* GameViewController.swift in Sources */,
				66CFA8511E07216F00EBB1CE /* AppDelegate.swift in Sources */,
			);
			runOnlyForDeploymentPostprocessing = 0;
		};
/* End PBXSourcesBuildPhase section */

/* Begin PBXVariantGroup section */
		66CFA8561E07216F00EBB1CE /* Main.storyboard */ = {
			isa = PBXVariantGroup;
			children = (
				66CFA8571E07216F00EBB1CE /* Base */,
			);
			name = Main.storyboard;
			sourceTree = "<group>";
		};
		66CFA85B1E07216F00EBB1CE /* LaunchScreen.storyboard */ = {
			isa = PBXVariantGroup;
			children = (
				66CFA85C1E07216F00EBB1CE /* Base */,
			);
			name = LaunchScreen.storyboard;
			sourceTree = "<group>";
		};
/* End PBXVariantGroup section */

/* Begin XCBuildConfiguration section */
		66CFA85F1E07216F00EBB1CE /* Debug */ = {
			isa = XCBuildConfiguration;
			buildSettings = {
				ALWAYS_SEARCH_USER_PATHS = NO;
				CLANG_ANALYZER_NONNULL = YES;
				CLANG_CXX_LANGUAGE_STANDARD = "gnu++0x";
				CLANG_CXX_LIBRARY = "libc++";
				CLANG_ENABLE_MODULES = YES;
				CLANG_ENABLE_OBJC_ARC = YES;
				CLANG_WARN_BOOL_CONVERSION = YES;
				CLANG_WARN_CONSTANT_CONVERSION = YES;
				CLANG_WARN_DIRECT_OBJC_ISA_USAGE = YES_ERROR;
				CLANG_WARN_DOCUMENTATION_COMMENTS = YES;
				CLANG_WARN_EMPTY_BODY = YES;
				CLANG_WARN_ENUM_CONVERSION = YES;
				CLANG_WARN_INFINITE_RECURSION = YES;
				CLANG_WARN_INT_CONVERSION = YES;
				CLANG_WARN_OBJC_ROOT_CLASS = YES_ERROR;
				CLANG_WARN_SUSPICIOUS_MOVE = YES;
				CLANG_WARN_UNREACHABLE_CODE = YES;
				CLANG_WARN__DUPLICATE_METHOD_MATCH = YES;
				"CODE_SIGN_IDENTITY[sdk=iphoneos*]" = "iPhone Developer";
				COPY_PHASE_STRIP = NO;
				DEBUG_INFORMATION_FORMAT = dwarf;
				ENABLE_STRICT_OBJC_MSGSEND = YES;
				ENABLE_TESTABILITY = YES;
				GCC_C_LANGUAGE_STANDARD = gnu99;
				GCC_DYNAMIC_NO_PIC = NO;
				GCC_NO_COMMON_BLOCKS = YES;
				GCC_OPTIMIZATION_LEVEL = 0;
				GCC_PREPROCESSOR_DEFINITIONS = (
					"DEBUG=1",
					"$(inherited)",
				);
				GCC_WARN_64_TO_32_BIT_CONVERSION = YES;
				GCC_WARN_ABOUT_RETURN_TYPE = YES_ERROR;
				GCC_WARN_UNDECLARED_SELECTOR = YES;
				GCC_WARN_UNINITIALIZED_AUTOS = YES_AGGRESSIVE;
				GCC_WARN_UNUSED_FUNCTION = YES;
				GCC_WARN_UNUSED_VARIABLE = YES;
				IPHONEOS_DEPLOYMENT_TARGET = 10.2;
				MTL_ENABLE_DEBUG_INFO = YES;
				ONLY_ACTIVE_ARCH = YES;
				SDKROOT = iphoneos;
				SWIFT_ACTIVE_COMPILATION_CONDITIONS = DEBUG;
				SWIFT_OPTIMIZATION_LEVEL = "-Onone";
			};
			name = Debug;
		};
		66CFA8601E07216F00EBB1CE /* Release */ = {
			isa = XCBuildConfiguration;
			buildSettings = {
				ALWAYS_SEARCH_USER_PATHS = NO;
				CLANG_ANALYZER_NONNULL = YES;
				CLANG_CXX_LANGUAGE_STANDARD = "gnu++0x";
				CLANG_CXX_LIBRARY = "libc++";
				CLANG_ENABLE_MODULES = YES;
				CLANG_ENABLE_OBJC_ARC = YES;
				CLANG_WARN_BOOL_CONVERSION = YES;
				CLANG_WARN_CONSTANT_CONVERSION = YES;
				CLANG_WARN_DIRECT_OBJC_ISA_USAGE = YES_ERROR;
				CLANG_WARN_DOCUMENTATION_COMMENTS = YES;
				CLANG_WARN_EMPTY_BODY = YES;
				CLANG_WARN_ENUM_CONVERSION = YES;
				CLANG_WARN_INFINITE_RECURSION = YES;
				CLANG_WARN_INT_CONVERSION = YES;
				CLANG_WARN_OBJC_ROOT_CLASS = YES_ERROR;
				CLANG_WARN_SUSPICIOUS_MOVE = YES;
				CLANG_WARN_UNREACHABLE_CODE = YES;
				CLANG_WARN__DUPLICATE_METHOD_MATCH = YES;
				"CODE_SIGN_IDENTITY[sdk=iphoneos*]" = "iPhone Developer";
				COPY_PHASE_STRIP = NO;
				DEBUG_INFORMATION_FORMAT = "dwarf-with-dsym";
				ENABLE_NS_ASSERTIONS = NO;
				ENABLE_STRICT_OBJC_MSGSEND = YES;
				GCC_C_LANGUAGE_STANDARD = gnu99;
				GCC_NO_COMMON_BLOCKS = YES;
				GCC_WARN_64_TO_32_BIT_CONVERSION = YES;
				GCC_WARN_ABOUT_RETURN_TYPE = YES_ERROR;
				GCC_WARN_UNDECLARED_SELECTOR = YES;
				GCC_WARN_UNINITIALIZED_AUTOS = YES_AGGRESSIVE;
				GCC_WARN_UNUSED_FUNCTION = YES;
				GCC_WARN_UNUSED_VARIABLE = YES;
				IPHONEOS_DEPLOYMENT_TARGET = 10.2;
				MTL_ENABLE_DEBUG_INFO = NO;
				SDKROOT = iphoneos;
				SWIFT_OPTIMIZATION_LEVEL = "-Owholemodule";
				VALIDATE_PRODUCT = YES;
			};
			name = Release;
		};
		66CFA8621E07216F00EBB1CE /* Debug */ = {
			isa = XCBuildConfiguration;
			buildSettings = {
				ASSETCATALOG_COMPILER_APPICON_NAME = AppIcon;
				DEVELOPMENT_TEAM = 6S4EWJH888;
				INFOPLIST_FILE = 3Dtouch/Info.plist;
				LD_RUNPATH_SEARCH_PATHS = "$(inherited) @executable_path/Frameworks";
				PRODUCT_BUNDLE_IDENTIFIER = "edu.Stevens.xzou.-Dtouch";
				PRODUCT_NAME = "$(TARGET_NAME)";
				SWIFT_VERSION = 3.0;
			};
			name = Debug;
		};
		66CFA8631E07216F00EBB1CE /* Release */ = {
			isa = XCBuildConfiguration;
			buildSettings = {
				ASSETCATALOG_COMPILER_APPICON_NAME = AppIcon;
				DEVELOPMENT_TEAM = 6S4EWJH888;
				INFOPLIST_FILE = 3Dtouch/Info.plist;
				LD_RUNPATH_SEARCH_PATHS = "$(inherited) @executable_path/Frameworks";
				PRODUCT_BUNDLE_IDENTIFIER = "edu.Stevens.xzou.-Dtouch";
				PRODUCT_NAME = "$(TARGET_NAME)";
				SWIFT_VERSION = 3.0;
			};
			name = Release;
		};
/* End XCBuildConfiguration section */

/* Begin XCConfigurationList section */
		66CFA8481E07216F00EBB1CE /* Build configuration list for PBXProject "3Dtouch" */ = {
			isa = XCConfigurationList;
			buildConfigurations = (
				66CFA85F1E07216F00EBB1CE /* Debug */,
				66CFA8601E07216F00EBB1CE /* Release */,
			);
			defaultConfigurationIsVisible = 0;
			defaultConfigurationName = Release;
		};
		66CFA8611E07216F00EBB1CE /* Build configuration list for PBXNativeTarget "3Dtouch" */ = {
			isa = XCConfigurationList;
			buildConfigurations = (
				66CFA8621E07216F00EBB1CE /* Debug */,
				66CFA8631E07216F00EBB1CE /* Release */,
			);
			defaultConfigurationIsVisible = 0;
			defaultConfigurationName = Release;
		};
/* End XCConfigurationList section */
	};
	rootObject = 66CFA8451E07216F00EBB1CE /* Project object */;
}
